
Microsoft Visual Studio Solution File, Format Version 12.00
# Visual Studio Version 17
VisualStudioVersion = 17.0.32014.148
MinimumVisualStudioVersion = 10.0.40219.1
Project("{FAE04EC0-301F-11D3-BF4B-00C04F79EFBC}") = "Scheduling_Algorithm", "Scheduling_Algorithm\Scheduling_Algorithm.csproj", "{FBC7005D-9C50-4D6F-A792-4054902297EF}"
EndProject
Global
	GlobalSection(SolutionConfigurationPlatforms) = preSolution
		Debug|Any CPU = Debug|Any CPU
		Release|Any CPU = Release|Any CPU
	EndGlobalSection
	GlobalSection(ProjectConfigurationPlatforms) = postSolution
		{FBC7005D-9C50-4D6F-A792-4054902297EF}.Debug|Any CPU.ActiveCfg = Debug|Any CPU
		{FBC7005D-9C50-4D6F-A792-4054902297EF}.Debug|Any CPU.Build.0 = Debug|Any CPU
		{FBC7005D-9C50-4D6F-A792-4054902297EF}.Release|Any CPU.ActiveCfg = Release|Any CPU
		{FBC7005D-9C50-4D6F-A792-4054902297EF}.Release|Any CPU.Build.0 = Release|Any CPU
	EndGlobalSection
	GlobalSection(SolutionProperties) = preSolution
		HideSolutionNode = FALSE
	EndGlobalSection
	GlobalSection(ExtensibilityGlobals) = postSolution
		SolutionGuid = {4FBB8DD5-B1DB-4444-BE08-1C51417BC85A}
	EndGlobalSection
EndGlobal
